
Microsoft Visual Studio Solution File, Format Version 12.00
# Visual Studio Version 16
VisualStudioVersion = 16.0.28803.452
MinimumVisualStudioVersion = 10.0.40219.1
Project("{9A19103F-16F7-4668-BE54-9A1E7A4F7556}") = "SledovaniTVAPI", "SledovaniTVApi\SledovaniTVAPI.csproj", "{95468A7C-4400-4101-9A39-166F058B5B0B}"
EndProject
Project("{9A19103F-16F7-4668-BE54-9A1E7A4F7556}") = "LoggerService", "LoggerService\LoggerService.csproj", "{3D9DD753-5E53-4316-992C-1BED899FE0E0}"
EndProject
Project("{FAE04EC0-301F-11D3-BF4B-00C04F79EFBC}") = "TestConsole", "TestConsole\TestConsole.csproj", "{05A38594-F724-48BC-A91F-9ACBEDE56696}"
EndProject
Project("{2150E333-8FDC-42A3-9474-1A3956D46DE8}") = "Tools", "Tools", "{E7015148-7B33-4CAF-8765-E61CF590757D}"
	ProjectSection(SolutionItems) = preProject
		BuildAPK.bat = BuildAPK.bat
		BuildAPK.ps1 = BuildAPK.ps1
		Clear.bat = Clear.bat
		Clear.ps1 = Clear.ps1
		OnlineTelevizor.configuration.json = OnlineTelevizor.configuration.json
		ResizeIconImage.ps1 = ResizeIconImage.ps1
		ResizeLauncherImage.ps1 = ResizeLauncherImage.ps1
		undo_pending_changes_and_get_latest_version.sh = undo_pending_changes_and_get_latest_version.sh
		WifiDebug.bat = WifiDebug.bat
	EndProjectSection
EndProject
Project("{9A19103F-16F7-4668-BE54-9A1E7A4F7556}") = "OnlineTelevizor", "OnlineTelevizor\OnlineTelevizor\OnlineTelevizor.csproj", "{5A88AA4A-DD5E-408F-8146-ABDB06B2CC21}"
EndProject
Project("{FAE04EC0-301F-11D3-BF4B-00C04F79EFBC}") = "OnlineTelevizor.Android", "OnlineTelevizor\OnlineTelevizor.Android\OnlineTelevizor.Android.csproj", "{F79AAAAB-198D-4168-9DB3-95FF0B9C77FF}"
EndProject
Project("{2150E333-8FDC-42A3-9474-1A3956D46DE8}") = "Solution Items", "Solution Items", "{9B47C4B4-338A-4D53-B9D4-7F2289998041}"
EndProject
Project("{FAE04EC0-301F-11D3-BF4B-00C04F79EFBC}") = "OnlineTelevizor.UWP", "OnlineTelevizor\OnlineTelevizor.UWP\OnlineTelevizor.UWP.csproj", "{C1E2D2C8-D6CD-44D3-9EE4-F4FFA5C037E5}"
EndProject
Project("{FAE04EC0-301F-11D3-BF4B-00C04F79EFBC}") = "OnlineTelevizor.iOS", "OnlineTelevizor\OnlineTelevizor.iOS\OnlineTelevizor.iOS.csproj", "{42B19830-EEE7-4F73-BD57-7774555C5425}"
EndProject
Project("{9A19103F-16F7-4668-BE54-9A1E7A4F7556}") = "TVAPI", "TVAPI\TVAPI.csproj", "{E5102B85-87A1-4ABC-B720-CB97925266FB}"
EndProject
Project("{9A19103F-16F7-4668-BE54-9A1E7A4F7556}") = "KUKITVAPI", "KUKITVAPI\KUKITVAPI.csproj", "{F6E4D41B-C086-47AD-9700-3B4D30D4370C}"
EndProject
Project("{9A19103F-16F7-4668-BE54-9A1E7A4F7556}") = "DVBStreamerAPI", "DVBStreamerAPI\DVBStreamerAPI.csproj", "{4D725CC6-15E5-480E-A8D1-9A872F89BF1B}"
EndProject
Project("{9A19103F-16F7-4668-BE54-9A1E7A4F7556}") = "O2TVAPI", "O2TVAPI\O2TVAPI.csproj", "{157DF5D1-5CF6-4407-9CB5-5AE41A8BE0C8}"
EndProject
Project("{2150E333-8FDC-42A3-9474-1A3956D46DE8}") = "TVAPIs", "TVAPIs", "{DD72B7D2-8B87-43AA-B013-08E493435D56}"
EndProject
Global
	GlobalSection(SolutionConfigurationPlatforms) = preSolution
		Debug|Any CPU = Debug|Any CPU
		Debug|ARM = Debug|ARM
		Debug|iPhone = Debug|iPhone
		Debug|iPhoneSimulator = Debug|iPhoneSimulator
		Debug|x64 = Debug|x64
		Debug|x86 = Debug|x86
		Release|Any CPU = Release|Any CPU
		Release|ARM = Release|ARM
		Release|iPhone = Release|iPhone
		Release|iPhoneSimulator = Release|iPhoneSimulator
		Release|x64 = Release|x64
		Release|x86 = Release|x86
	EndGlobalSection
	GlobalSection(ProjectConfigurationPlatforms) = postSolution
		{95468A7C-4400-4101-9A39-166F058B5B0B}.Debug|Any CPU.ActiveCfg = Debug|Any CPU
		{95468A7C-4400-4101-9A39-166F058B5B0B}.Debug|Any CPU.Build.0 = Debug|Any CPU
		{95468A7C-4400-4101-9A39-166F058B5B0B}.Debug|ARM.ActiveCfg = Debug|Any CPU
		{95468A7C-4400-4101-9A39-166F058B5B0B}.Debug|ARM.Build.0 = Debug|Any CPU
		{95468A7C-4400-4101-9A39-166F058B5B0B}.Debug|iPhone.ActiveCfg = Debug|Any CPU
		{95468A7C-4400-4101-9A39-166F058B5B0B}.Debug|iPhone.Build.0 = Debug|Any CPU
		{95468A7C-4400-4101-9A39-166F058B5B0B}.Debug|iPhoneSimulator.ActiveCfg = Debug|Any CPU
		{95468A7C-4400-4101-9A39-166F058B5B0B}.Debug|iPhoneSimulator.Build.0 = Debug|Any CPU
		{95468A7C-4400-4101-9A39-166F058B5B0B}.Debug|x64.ActiveCfg = Debug|Any CPU
		{95468A7C-4400-4101-9A39-166F058B5B0B}.Debug|x64.Build.0 = Debug|Any CPU
		{95468A7C-4400-4101-9A39-166F058B5B0B}.Debug|x86.ActiveCfg = Debug|Any CPU
		{95468A7C-4400-4101-9A39-166F058B5B0B}.Debug|x86.Build.0 = Debug|Any CPU
		{95468A7C-4400-4101-9A39-166F058B5B0B}.Release|Any CPU.ActiveCfg = Release|Any CPU
		{95468A7C-4400-4101-9A39-166F058B5B0B}.Release|Any CPU.Build.0 = Release|Any CPU
		{95468A7C-4400-4101-9A39-166F058B5B0B}.Release|ARM.ActiveCfg = Release|Any CPU
		{95468A7C-4400-4101-9A39-166F058B5B0B}.Release|ARM.Build.0 = Release|Any CPU
		{95468A7C-4400-4101-9A39-166F058B5B0B}.Release|iPhone.ActiveCfg = Release|Any CPU
		{95468A7C-4400-4101-9A39-166F058B5B0B}.Release|iPhone.Build.0 = Release|Any CPU
		{95468A7C-4400-4101-9A39-166F058B5B0B}.Release|iPhoneSimulator.ActiveCfg = Release|Any CPU
		{95468A7C-4400-4101-9A39-166F058B5B0B}.Release|iPhoneSimulator.Build.0 = Release|Any CPU
		{95468A7C-4400-4101-9A39-166F058B5B0B}.Release|x64.ActiveCfg = Release|Any CPU
		{95468A7C-4400-4101-9A39-166F058B5B0B}.Release|x64.Build.0 = Release|Any CPU
		{95468A7C-4400-4101-9A39-166F058B5B0B}.Release|x86.ActiveCfg = Release|Any CPU
		{95468A7C-4400-4101-9A39-166F058B5B0B}.Release|x86.Build.0 = Release|Any CPU
		{3D9DD753-5E53-4316-992C-1BED899FE0E0}.Debug|Any CPU.ActiveCfg = Debug|Any CPU
		{3D9DD753-5E53-4316-992C-1BED899FE0E0}.Debug|Any CPU.Build.0 = Debug|Any CPU
		{3D9DD753-5E53-4316-992C-1BED899FE0E0}.Debug|ARM.ActiveCfg = Debug|Any CPU
		{3D9DD753-5E53-4316-992C-1BED899FE0E0}.Debug|ARM.Build.0 = Debug|Any CPU
		{3D9DD753-5E53-4316-992C-1BED899FE0E0}.Debug|iPhone.ActiveCfg = Debug|Any CPU
		{3D9DD753-5E53-4316-992C-1BED899FE0E0}.Debug|iPhone.Build.0 = Debug|Any CPU
		{3D9DD753-5E53-4316-992C-1BED899FE0E0}.Debug|iPhoneSimulator.ActiveCfg = Debug|Any CPU
		{3D9DD753-5E53-4316-992C-1BED899FE0E0}.Debug|iPhoneSimulator.Build.0 = Debug|Any CPU
		{3D9DD753-5E53-4316-992C-1BED899FE0E0}.Debug|x64.ActiveCfg = Debug|Any CPU
		{3D9DD753-5E53-4316-992C-1BED899FE0E0}.Debug|x64.Build.0 = Debug|Any CPU
		{3D9DD753-5E53-4316-992C-1BED899FE0E0}.Debug|x86.ActiveCfg = Debug|Any CPU
		{3D9DD753-5E53-4316-992C-1BED899FE0E0}.Debug|x86.Build.0 = Debug|Any CPU
		{3D9DD753-5E53-4316-992C-1BED899FE0E0}.Release|Any CPU.ActiveCfg = Release|Any CPU
		{3D9DD753-5E53-4316-992C-1BED899FE0E0}.Release|Any CPU.Build.0 = Release|Any CPU
		{3D9DD753-5E53-4316-992C-1BED899FE0E0}.Release|ARM.ActiveCfg = Release|Any CPU
		{3D9DD753-5E53-4316-992C-1BED899FE0E0}.Release|ARM.Build.0 = Release|Any CPU
		{3D9DD753-5E53-4316-992C-1BED899FE0E0}.Release|iPhone.ActiveCfg = Release|Any CPU
		{3D9DD753-5E53-4316-992C-1BED899FE0E0}.Release|iPhone.Build.0 = Release|Any CPU
		{3D9DD753-5E53-4316-992C-1BED899FE0E0}.Release|iPhoneSimulator.ActiveCfg = Release|Any CPU
		{3D9DD753-5E53-4316-992C-1BED899FE0E0}.Release|iPhoneSimulator.Build.0 = Release|Any CPU
		{3D9DD753-5E53-4316-992C-1BED899FE0E0}.Release|x64.ActiveCfg = Release|Any CPU
		{3D9DD753-5E53-4316-992C-1BED899FE0E0}.Release|x64.Build.0 = Release|Any CPU
		{3D9DD753-5E53-4316-992C-1BED899FE0E0}.Release|x86.ActiveCfg = Release|Any CPU
		{3D9DD753-5E53-4316-992C-1BED899FE0E0}.Release|x86.Build.0 = Release|Any CPU
		{05A38594-F724-48BC-A91F-9ACBEDE56696}.Debug|Any CPU.ActiveCfg = Debug|Any CPU
		{05A38594-F724-48BC-A91F-9ACBEDE56696}.Debug|Any CPU.Build.0 = Debug|Any CPU
		{05A38594-F724-48BC-A91F-9ACBEDE56696}.Debug|ARM.ActiveCfg = Debug|Any CPU
		{05A38594-F724-48BC-A91F-9ACBEDE56696}.Debug|ARM.Build.0 = Debug|Any CPU
		{05A38594-F724-48BC-A91F-9ACBEDE56696}.Debug|iPhone.ActiveCfg = Debug|Any CPU
		{05A38594-F724-48BC-A91F-9ACBEDE56696}.Debug|iPhone.Build.0 = Debug|Any CPU
		{05A38594-F724-48BC-A91F-9ACBEDE56696}.Debug|iPhoneSimulator.ActiveCfg = Debug|Any CPU
		{05A38594-F724-48BC-A91F-9ACBEDE56696}.Debug|iPhoneSimulator.Build.0 = Debug|Any CPU
		{05A38594-F724-48BC-A91F-9ACBEDE56696}.Debug|x64.ActiveCfg = Debug|Any CPU
		{05A38594-F724-48BC-A91F-9ACBEDE56696}.Debug|x64.Build.0 = Debug|Any CPU
		{05A38594-F724-48BC-A91F-9ACBEDE56696}.Debug|x86.ActiveCfg = Debug|Any CPU
		{05A38594-F724-48BC-A91F-9ACBEDE56696}.Debug|x86.Build.0 = Debug|Any CPU
		{05A38594-F724-48BC-A91F-9ACBEDE56696}.Release|Any CPU.ActiveCfg = Release|Any CPU
		{05A38594-F724-48BC-A91F-9ACBEDE56696}.Release|Any CPU.Build.0 = Release|Any CPU
		{05A38594-F724-48BC-A91F-9ACBEDE56696}.Release|ARM.ActiveCfg = Release|Any CPU
		{05A38594-F724-48BC-A91F-9ACBEDE56696}.Release|ARM.Build.0 = Release|Any CPU
		{05A38594-F724-48BC-A91F-9ACBEDE56696}.Release|iPhone.ActiveCfg = Release|Any CPU
		{05A38594-F724-48BC-A91F-9ACBEDE56696}.Release|iPhone.Build.0 = Release|Any CPU
		{05A38594-F724-48BC-A91F-9ACBEDE56696}.Release|iPhoneSimulator.ActiveCfg = Release|Any CPU
		{05A38594-F724-48BC-A91F-9ACBEDE56696}.Release|iPhoneSimulator.Build.0 = Release|Any CPU
		{05A38594-F724-48BC-A91F-9ACBEDE56696}.Release|x64.ActiveCfg = Release|Any CPU
		{05A38594-F724-48BC-A91F-9ACBEDE56696}.Release|x64.Build.0 = Release|Any CPU
		{05A38594-F724-48BC-A91F-9ACBEDE56696}.Release|x86.ActiveCfg = Release|Any CPU
		{05A38594-F724-48BC-A91F-9ACBEDE56696}.Release|x86.Build.0 = Release|Any CPU
		{5A88AA4A-DD5E-408F-8146-ABDB06B2CC21}.Debug|Any CPU.ActiveCfg = Debug|Any CPU
		{5A88AA4A-DD5E-408F-8146-ABDB06B2CC21}.Debug|Any CPU.Build.0 = Debug|Any CPU
		{5A88AA4A-DD5E-408F-8146-ABDB06B2CC21}.Debug|ARM.ActiveCfg = Debug|Any CPU
		{5A88AA4A-DD5E-408F-8146-ABDB06B2CC21}.Debug|ARM.Build.0 = Debug|Any CPU
		{5A88AA4A-DD5E-408F-8146-ABDB06B2CC21}.Debug|iPhone.ActiveCfg = Debug|Any CPU
		{5A88AA4A-DD5E-408F-8146-ABDB06B2CC21}.Debug|iPhone.Build.0 = Debug|Any CPU
		{5A88AA4A-DD5E-408F-8146-ABDB06B2CC21}.Debug|iPhoneSimulator.ActiveCfg = Debug|Any CPU
		{5A88AA4A-DD5E-408F-8146-ABDB06B2CC21}.Debug|iPhoneSimulator.Build.0 = Debug|Any CPU
		{5A88AA4A-DD5E-408F-8146-ABDB06B2CC21}.Debug|x64.ActiveCfg = Debug|Any CPU
		{5A88AA4A-DD5E-408F-8146-ABDB06B2CC21}.Debug|x64.Build.0 = Debug|Any CPU
		{5A88AA4A-DD5E-408F-8146-ABDB06B2CC21}.Debug|x86.ActiveCfg = Debug|Any CPU
		{5A88AA4A-DD5E-408F-8146-ABDB06B2CC21}.Debug|x86.Build.0 = Debug|Any CPU
		{5A88AA4A-DD5E-408F-8146-ABDB06B2CC21}.Release|Any CPU.ActiveCfg = Release|Any CPU
		{5A88AA4A-DD5E-408F-8146-ABDB06B2CC21}.Release|Any CPU.Build.0 = Release|Any CPU
		{5A88AA4A-DD5E-408F-8146-ABDB06B2CC21}.Release|ARM.ActiveCfg = Release|Any CPU
		{5A88AA4A-DD5E-408F-8146-ABDB06B2CC21}.Release|ARM.Build.0 = Release|Any CPU
		{5A88AA4A-DD5E-408F-8146-ABDB06B2CC21}.Release|iPhone.ActiveCfg = Release|Any CPU
		{5A88AA4A-DD5E-408F-8146-ABDB06B2CC21}.Release|iPhone.Build.0 = Release|Any CPU
		{5A88AA4A-DD5E-408F-8146-ABDB06B2CC21}.Release|iPhoneSimulator.ActiveCfg = Release|Any CPU
		{5A88AA4A-DD5E-408F-8146-ABDB06B2CC21}.Release|iPhoneSimulator.Build.0 = Release|Any CPU
		{5A88AA4A-DD5E-408F-8146-ABDB06B2CC21}.Release|x64.ActiveCfg = Release|Any CPU
		{5A88AA4A-DD5E-408F-8146-ABDB06B2CC21}.Release|x64.Build.0 = Release|Any CPU
		{5A88AA4A-DD5E-408F-8146-ABDB06B2CC21}.Release|x86.ActiveCfg = Release|Any CPU
		{5A88AA4A-DD5E-408F-8146-ABDB06B2CC21}.Release|x86.Build.0 = Release|Any CPU
		{F79AAAAB-198D-4168-9DB3-95FF0B9C77FF}.Debug|Any CPU.ActiveCfg = Debug|Any CPU
		{F79AAAAB-198D-4168-9DB3-95FF0B9C77FF}.Debug|Any CPU.Build.0 = Debug|Any CPU
		{F79AAAAB-198D-4168-9DB3-95FF0B9C77FF}.Debug|Any CPU.Deploy.0 = Debug|Any CPU
		{F79AAAAB-198D-4168-9DB3-95FF0B9C77FF}.Debug|ARM.ActiveCfg = Debug|Any CPU
		{F79AAAAB-198D-4168-9DB3-95FF0B9C77FF}.Debug|ARM.Build.0 = Debug|Any CPU
		{F79AAAAB-198D-4168-9DB3-95FF0B9C77FF}.Debug|ARM.Deploy.0 = Debug|Any CPU
		{F79AAAAB-198D-4168-9DB3-95FF0B9C77FF}.Debug|iPhone.ActiveCfg = Debug|Any CPU
		{F79AAAAB-198D-4168-9DB3-95FF0B9C77FF}.Debug|iPhone.Build.0 = Debug|Any CPU
		{F79AAAAB-198D-4168-9DB3-95FF0B9C77FF}.Debug|iPhone.Deploy.0 = Debug|Any CPU
		{F79AAAAB-198D-4168-9DB3-95FF0B9C77FF}.Debug|iPhoneSimulator.ActiveCfg = Debug|Any CPU
		{F79AAAAB-198D-4168-9DB3-95FF0B9C77FF}.Debug|iPhoneSimulator.Build.0 = Debug|Any CPU
		{F79AAAAB-198D-4168-9DB3-95FF0B9C77FF}.Debug|iPhoneSimulator.Deploy.0 = Debug|Any CPU
		{F79AAAAB-198D-4168-9DB3-95FF0B9C77FF}.Debug|x64.ActiveCfg = Debug|Any CPU
		{F79AAAAB-198D-4168-9DB3-95FF0B9C77FF}.Debug|x64.Build.0 = Debug|Any CPU
		{F79AAAAB-198D-4168-9DB3-95FF0B9C77FF}.Debug|x64.Deploy.0 = Debug|Any CPU
		{F79AAAAB-198D-4168-9DB3-95FF0B9C77FF}.Debug|x86.ActiveCfg = Debug|Any CPU
		{F79AAAAB-198D-4168-9DB3-95FF0B9C77FF}.Debug|x86.Build.0 = Debug|Any CPU
		{F79AAAAB-198D-4168-9DB3-95FF0B9C77FF}.Debug|x86.Deploy.0 = Debug|Any CPU
		{F79AAAAB-198D-4168-9DB3-95FF0B9C77FF}.Release|Any CPU.ActiveCfg = Release|Any CPU
		{F79AAAAB-198D-4168-9DB3-95FF0B9C77FF}.Release|Any CPU.Build.0 = Release|Any CPU
		{F79AAAAB-198D-4168-9DB3-95FF0B9C77FF}.Release|Any CPU.Deploy.0 = Release|Any CPU
		{F79AAAAB-198D-4168-9DB3-95FF0B9C77FF}.Release|ARM.ActiveCfg = Release|Any CPU
		{F79AAAAB-198D-4168-9DB3-95FF0B9C77FF}.Release|ARM.Build.0 = Release|Any CPU
		{F79AAAAB-198D-4168-9DB3-95FF0B9C77FF}.Release|ARM.Deploy.0 = Release|Any CPU
		{F79AAAAB-198D-4168-9DB3-95FF0B9C77FF}.Release|iPhone.ActiveCfg = Release|Any CPU
		{F79AAAAB-198D-4168-9DB3-95FF0B9C77FF}.Release|iPhone.Build.0 = Release|Any CPU
		{F79AAAAB-198D-4168-9DB3-95FF0B9C77FF}.Release|iPhone.Deploy.0 = Release|Any CPU
		{F79AAAAB-198D-4168-9DB3-95FF0B9C77FF}.Release|iPhoneSimulator.ActiveCfg = Release|Any CPU
		{F79AAAAB-198D-4168-9DB3-95FF0B9C77FF}.Release|iPhoneSimulator.Build.0 = Release|Any CPU
		{F79AAAAB-198D-4168-9DB3-95FF0B9C77FF}.Release|iPhoneSimulator.Deploy.0 = Release|Any CPU
		{F79AAAAB-198D-4168-9DB3-95FF0B9C77FF}.Release|x64.ActiveCfg = Release|Any CPU
		{F79AAAAB-198D-4168-9DB3-95FF0B9C77FF}.Release|x64.Build.0 = Release|Any CPU
		{F79AAAAB-198D-4168-9DB3-95FF0B9C77FF}.Release|x64.Deploy.0 = Release|Any CPU
		{F79AAAAB-198D-4168-9DB3-95FF0B9C77FF}.Release|x86.ActiveCfg = Release|Any CPU
		{F79AAAAB-198D-4168-9DB3-95FF0B9C77FF}.Release|x86.Build.0 = Release|Any CPU
		{F79AAAAB-198D-4168-9DB3-95FF0B9C77FF}.Release|x86.Deploy.0 = Release|Any CPU
		{C1E2D2C8-D6CD-44D3-9EE4-F4FFA5C037E5}.Debug|Any CPU.ActiveCfg = Debug|x64
		{C1E2D2C8-D6CD-44D3-9EE4-F4FFA5C037E5}.Debug|Any CPU.Build.0 = Debug|x64
		{C1E2D2C8-D6CD-44D3-9EE4-F4FFA5C037E5}.Debug|Any CPU.Deploy.0 = Debug|x64
		{C1E2D2C8-D6CD-44D3-9EE4-F4FFA5C037E5}.Debug|ARM.ActiveCfg = Debug|ARM
		{C1E2D2C8-D6CD-44D3-9EE4-F4FFA5C037E5}.Debug|ARM.Build.0 = Debug|ARM
		{C1E2D2C8-D6CD-44D3-9EE4-F4FFA5C037E5}.Debug|ARM.Deploy.0 = Debug|ARM
		{C1E2D2C8-D6CD-44D3-9EE4-F4FFA5C037E5}.Debug|iPhone.ActiveCfg = Debug|x86
		{C1E2D2C8-D6CD-44D3-9EE4-F4FFA5C037E5}.Debug|iPhoneSimulator.ActiveCfg = Debug|x86
		{C1E2D2C8-D6CD-44D3-9EE4-F4FFA5C037E5}.Debug|x64.ActiveCfg = Debug|x64
		{C1E2D2C8-D6CD-44D3-9EE4-F4FFA5C037E5}.Debug|x64.Build.0 = Debug|x64
		{C1E2D2C8-D6CD-44D3-9EE4-F4FFA5C037E5}.Debug|x64.Deploy.0 = Debug|x64
		{C1E2D2C8-D6CD-44D3-9EE4-F4FFA5C037E5}.Debug|x86.ActiveCfg = Debug|x86
		{C1E2D2C8-D6CD-44D3-9EE4-F4FFA5C037E5}.Debug|x86.Build.0 = Debug|x86
		{C1E2D2C8-D6CD-44D3-9EE4-F4FFA5C037E5}.Debug|x86.Deploy.0 = Debug|x86
		{C1E2D2C8-D6CD-44D3-9EE4-F4FFA5C037E5}.Release|Any CPU.ActiveCfg = Release|x86
		{C1E2D2C8-D6CD-44D3-9EE4-F4FFA5C037E5}.Release|Any CPU.Build.0 = Release|x86
		{C1E2D2C8-D6CD-44D3-9EE4-F4FFA5C037E5}.Release|Any CPU.Deploy.0 = Release|x86
		{C1E2D2C8-D6CD-44D3-9EE4-F4FFA5C037E5}.Release|ARM.ActiveCfg = Release|ARM
		{C1E2D2C8-D6CD-44D3-9EE4-F4FFA5C037E5}.Release|ARM.Build.0 = Release|ARM
		{C1E2D2C8-D6CD-44D3-9EE4-F4FFA5C037E5}.Release|ARM.Deploy.0 = Release|ARM
		{C1E2D2C8-D6CD-44D3-9EE4-F4FFA5C037E5}.Release|iPhone.ActiveCfg = Release|x86
		{C1E2D2C8-D6CD-44D3-9EE4-F4FFA5C037E5}.Release|iPhoneSimulator.ActiveCfg = Release|x86
		{C1E2D2C8-D6CD-44D3-9EE4-F4FFA5C037E5}.Release|x64.ActiveCfg = Release|x64
		{C1E2D2C8-D6CD-44D3-9EE4-F4FFA5C037E5}.Release|x64.Build.0 = Release|x64
		{C1E2D2C8-D6CD-44D3-9EE4-F4FFA5C037E5}.Release|x64.Deploy.0 = Release|x64
		{C1E2D2C8-D6CD-44D3-9EE4-F4FFA5C037E5}.Release|x86.ActiveCfg = Release|x86
		{C1E2D2C8-D6CD-44D3-9EE4-F4FFA5C037E5}.Release|x86.Build.0 = Release|x86
		{C1E2D2C8-D6CD-44D3-9EE4-F4FFA5C037E5}.Release|x86.Deploy.0 = Release|x86
		{42B19830-EEE7-4F73-BD57-7774555C5425}.Debug|Any CPU.ActiveCfg = Debug|iPhone
		{42B19830-EEE7-4F73-BD57-7774555C5425}.Debug|ARM.ActiveCfg = Debug|iPhone
		{42B19830-EEE7-4F73-BD57-7774555C5425}.Debug|iPhone.ActiveCfg = Debug|iPhone
		{42B19830-EEE7-4F73-BD57-7774555C5425}.Debug|iPhone.Build.0 = Debug|iPhone
		{42B19830-EEE7-4F73-BD57-7774555C5425}.Debug|iPhoneSimulator.ActiveCfg = Debug|iPhoneSimulator
		{42B19830-EEE7-4F73-BD57-7774555C5425}.Debug|iPhoneSimulator.Build.0 = Debug|iPhoneSimulator
		{42B19830-EEE7-4F73-BD57-7774555C5425}.Debug|x64.ActiveCfg = Debug|iPhone
		{42B19830-EEE7-4F73-BD57-7774555C5425}.Debug|x86.ActiveCfg = Debug|iPhone
		{42B19830-EEE7-4F73-BD57-7774555C5425}.Release|Any CPU.ActiveCfg = Release|iPhone
		{42B19830-EEE7-4F73-BD57-7774555C5425}.Release|ARM.ActiveCfg = Release|iPhone
		{42B19830-EEE7-4F73-BD57-7774555C5425}.Release|iPhone.ActiveCfg = Release|iPhone
		{42B19830-EEE7-4F73-BD57-7774555C5425}.Release|iPhone.Build.0 = Release|iPhone
		{42B19830-EEE7-4F73-BD57-7774555C5425}.Release|iPhoneSimulator.ActiveCfg = Release|iPhoneSimulator
		{42B19830-EEE7-4F73-BD57-7774555C5425}.Release|iPhoneSimulator.Build.0 = Release|iPhoneSimulator
		{42B19830-EEE7-4F73-BD57-7774555C5425}.Release|x64.ActiveCfg = Release|iPhone
		{42B19830-EEE7-4F73-BD57-7774555C5425}.Release|x86.ActiveCfg = Release|iPhone
		{E5102B85-87A1-4ABC-B720-CB97925266FB}.Debug|Any CPU.ActiveCfg = Debug|Any CPU
		{E5102B85-87A1-4ABC-B720-CB97925266FB}.Debug|Any CPU.Build.0 = Debug|Any CPU
		{E5102B85-87A1-4ABC-B720-CB97925266FB}.Debug|ARM.ActiveCfg = Debug|Any CPU
		{E5102B85-87A1-4ABC-B720-CB97925266FB}.Debug|ARM.Build.0 = Debug|Any CPU
		{E5102B85-87A1-4ABC-B720-CB97925266FB}.Debug|iPhone.ActiveCfg = Debug|Any CPU
		{E5102B85-87A1-4ABC-B720-CB97925266FB}.Debug|iPhone.Build.0 = Debug|Any CPU
		{E5102B85-87A1-4ABC-B720-CB97925266FB}.Debug|iPhoneSimulator.ActiveCfg = Debug|Any CPU
		{E5102B85-87A1-4ABC-B720-CB97925266FB}.Debug|iPhoneSimulator.Build.0 = Debug|Any CPU
		{E5102B85-87A1-4ABC-B720-CB97925266FB}.Debug|x64.ActiveCfg = Debug|Any CPU
		{E5102B85-87A1-4ABC-B720-CB97925266FB}.Debug|x64.Build.0 = Debug|Any CPU
		{E5102B85-87A1-4ABC-B720-CB97925266FB}.Debug|x86.ActiveCfg = Debug|Any CPU
		{E5102B85-87A1-4ABC-B720-CB97925266FB}.Debug|x86.Build.0 = Debug|Any CPU
		{E5102B85-87A1-4ABC-B720-CB97925266FB}.Release|Any CPU.ActiveCfg = Release|Any CPU
		{E5102B85-87A1-4ABC-B720-CB97925266FB}.Release|Any CPU.Build.0 = Release|Any CPU
		{E5102B85-87A1-4ABC-B720-CB97925266FB}.Release|ARM.ActiveCfg = Release|Any CPU
		{E5102B85-87A1-4ABC-B720-CB97925266FB}.Release|ARM.Build.0 = Release|Any CPU
		{E5102B85-87A1-4ABC-B720-CB97925266FB}.Release|iPhone.ActiveCfg = Release|Any CPU
		{E5102B85-87A1-4ABC-B720-CB97925266FB}.Release|iPhone.Build.0 = Release|Any CPU
		{E5102B85-87A1-4ABC-B720-CB97925266FB}.Release|iPhoneSimulator.ActiveCfg = Release|Any CPU
		{E5102B85-87A1-4ABC-B720-CB97925266FB}.Release|iPhoneSimulator.Build.0 = Release|Any CPU
		{E5102B85-87A1-4ABC-B720-CB97925266FB}.Release|x64.ActiveCfg = Release|Any CPU
		{E5102B85-87A1-4ABC-B720-CB97925266FB}.Release|x64.Build.0 = Release|Any CPU
		{E5102B85-87A1-4ABC-B720-CB97925266FB}.Release|x86.ActiveCfg = Release|Any CPU
		{E5102B85-87A1-4ABC-B720-CB97925266FB}.Release|x86.Build.0 = Release|Any CPU
		{F6E4D41B-C086-47AD-9700-3B4D30D4370C}.Debug|Any CPU.ActiveCfg = Debug|Any CPU
		{F6E4D41B-C086-47AD-9700-3B4D30D4370C}.Debug|Any CPU.Build.0 = Debug|Any CPU
		{F6E4D41B-C086-47AD-9700-3B4D30D4370C}.Debug|ARM.ActiveCfg = Debug|Any CPU
		{F6E4D41B-C086-47AD-9700-3B4D30D4370C}.Debug|ARM.Build.0 = Debug|Any CPU
		{F6E4D41B-C086-47AD-9700-3B4D30D4370C}.Debug|iPhone.ActiveCfg = Debug|Any CPU
		{F6E4D41B-C086-47AD-9700-3B4D30D4370C}.Debug|iPhone.Build.0 = Debug|Any CPU
		{F6E4D41B-C086-47AD-9700-3B4D30D4370C}.Debug|iPhoneSimulator.ActiveCfg = Debug|Any CPU
		{F6E4D41B-C086-47AD-9700-3B4D30D4370C}.Debug|iPhoneSimulator.Build.0 = Debug|Any CPU
		{F6E4D41B-C086-47AD-9700-3B4D30D4370C}.Debug|x64.ActiveCfg = Debug|Any CPU
		{F6E4D41B-C086-47AD-9700-3B4D30D4370C}.Debug|x64.Build.0 = Debug|Any CPU
		{F6E4D41B-C086-47AD-9700-3B4D30D4370C}.Debug|x86.ActiveCfg = Debug|Any CPU
		{F6E4D41B-C086-47AD-9700-3B4D30D4370C}.Debug|x86.Build.0 = Debug|Any CPU
		{F6E4D41B-C086-47AD-9700-3B4D30D4370C}.Release|Any CPU.ActiveCfg = Release|Any CPU
		{F6E4D41B-C086-47AD-9700-3B4D30D4370C}.Release|Any CPU.Build.0 = Release|Any CPU
		{F6E4D41B-C086-47AD-9700-3B4D30D4370C}.Release|ARM.ActiveCfg = Release|Any CPU
		{F6E4D41B-C086-47AD-9700-3B4D30D4370C}.Release|ARM.Build.0 = Release|Any CPU
		{F6E4D41B-C086-47AD-9700-3B4D30D4370C}.Release|iPhone.ActiveCfg = Release|Any CPU
		{F6E4D41B-C086-47AD-9700-3B4D30D4370C}.Release|iPhone.Build.0 = Release|Any CPU
		{F6E4D41B-C086-47AD-9700-3B4D30D4370C}.Release|iPhoneSimulator.ActiveCfg = Release|Any CPU
		{F6E4D41B-C086-47AD-9700-3B4D30D4370C}.Release|iPhoneSimulator.Build.0 = Release|Any CPU
		{F6E4D41B-C086-47AD-9700-3B4D30D4370C}.Release|x64.ActiveCfg = Release|Any CPU
		{F6E4D41B-C086-47AD-9700-3B4D30D4370C}.Release|x64.Build.0 = Release|Any CPU
		{F6E4D41B-C086-47AD-9700-3B4D30D4370C}.Release|x86.ActiveCfg = Release|Any CPU
		{F6E4D41B-C086-47AD-9700-3B4D30D4370C}.Release|x86.Build.0 = Release|Any CPU
		{4D725CC6-15E5-480E-A8D1-9A872F89BF1B}.Debug|Any CPU.ActiveCfg = Debug|Any CPU
		{4D725CC6-15E5-480E-A8D1-9A872F89BF1B}.Debug|Any CPU.Build.0 = Debug|Any CPU
		{4D725CC6-15E5-480E-A8D1-9A872F89BF1B}.Debug|ARM.ActiveCfg = Debug|Any CPU
		{4D725CC6-15E5-480E-A8D1-9A872F89BF1B}.Debug|ARM.Build.0 = Debug|Any CPU
		{4D725CC6-15E5-480E-A8D1-9A872F89BF1B}.Debug|iPhone.ActiveCfg = Debug|Any CPU
		{4D725CC6-15E5-480E-A8D1-9A872F89BF1B}.Debug|iPhone.Build.0 = Debug|Any CPU
		{4D725CC6-15E5-480E-A8D1-9A872F89BF1B}.Debug|iPhoneSimulator.ActiveCfg = Debug|Any CPU
		{4D725CC6-15E5-480E-A8D1-9A872F89BF1B}.Debug|iPhoneSimulator.Build.0 = Debug|Any CPU
		{4D725CC6-15E5-480E-A8D1-9A872F89BF1B}.Debug|x64.ActiveCfg = Debug|Any CPU
		{4D725CC6-15E5-480E-A8D1-9A872F89BF1B}.Debug|x64.Build.0 = Debug|Any CPU
		{4D725CC6-15E5-480E-A8D1-9A872F89BF1B}.Debug|x86.ActiveCfg = Debug|Any CPU
		{4D725CC6-15E5-480E-A8D1-9A872F89BF1B}.Debug|x86.Build.0 = Debug|Any CPU
		{4D725CC6-15E5-480E-A8D1-9A872F89BF1B}.Release|Any CPU.ActiveCfg = Release|Any CPU
		{4D725CC6-15E5-480E-A8D1-9A872F89BF1B}.Release|Any CPU.Build.0 = Release|Any CPU
		{4D725CC6-15E5-480E-A8D1-9A872F89BF1B}.Release|ARM.ActiveCfg = Release|Any CPU
		{4D725CC6-15E5-480E-A8D1-9A872F89BF1B}.Release|ARM.Build.0 = Release|Any CPU
		{4D725CC6-15E5-480E-A8D1-9A872F89BF1B}.Release|iPhone.ActiveCfg = Release|Any CPU
		{4D725CC6-15E5-480E-A8D1-9A872F89BF1B}.Release|iPhone.Build.0 = Release|Any CPU
		{4D725CC6-15E5-480E-A8D1-9A872F89BF1B}.Release|iPhoneSimulator.ActiveCfg = Release|Any CPU
		{4D725CC6-15E5-480E-A8D1-9A872F89BF1B}.Release|iPhoneSimulator.Build.0 = Release|Any CPU
		{4D725CC6-15E5-480E-A8D1-9A872F89BF1B}.Release|x64.ActiveCfg = Release|Any CPU
		{4D725CC6-15E5-480E-A8D1-9A872F89BF1B}.Release|x64.Build.0 = Release|Any CPU
		{4D725CC6-15E5-480E-A8D1-9A872F89BF1B}.Release|x86.ActiveCfg = Release|Any CPU
		{4D725CC6-15E5-480E-A8D1-9A872F89BF1B}.Release|x86.Build.0 = Release|Any CPU
		{157DF5D1-5CF6-4407-9CB5-5AE41A8BE0C8}.Debug|Any CPU.ActiveCfg = Debug|Any CPU
		{157DF5D1-5CF6-4407-9CB5-5AE41A8BE0C8}.Debug|Any CPU.Build.0 = Debug|Any CPU
		{157DF5D1-5CF6-4407-9CB5-5AE41A8BE0C8}.Debug|ARM.ActiveCfg = Debug|Any CPU
		{157DF5D1-5CF6-4407-9CB5-5AE41A8BE0C8}.Debug|ARM.Build.0 = Debug|Any CPU
		{157DF5D1-5CF6-4407-9CB5-5AE41A8BE0C8}.Debug|iPhone.ActiveCfg = Debug|Any CPU
		{157DF5D1-5CF6-4407-9CB5-5AE41A8BE0C8}.Debug|iPhone.Build.0 = Debug|Any CPU
		{157DF5D1-5CF6-4407-9CB5-5AE41A8BE0C8}.Debug|iPhoneSimulator.ActiveCfg = Debug|Any CPU
		{157DF5D1-5CF6-4407-9CB5-5AE41A8BE0C8}.Debug|iPhoneSimulator.Build.0 = Debug|Any CPU
		{157DF5D1-5CF6-4407-9CB5-5AE41A8BE0C8}.Debug|x64.ActiveCfg = Debug|Any CPU
		{157DF5D1-5CF6-4407-9CB5-5AE41A8BE0C8}.Debug|x64.Build.0 = Debug|Any CPU
		{157DF5D1-5CF6-4407-9CB5-5AE41A8BE0C8}.Debug|x86.ActiveCfg = Debug|Any CPU
		{157DF5D1-5CF6-4407-9CB5-5AE41A8BE0C8}.Debug|x86.Build.0 = Debug|Any CPU
		{157DF5D1-5CF6-4407-9CB5-5AE41A8BE0C8}.Release|Any CPU.ActiveCfg = Release|Any CPU
		{157DF5D1-5CF6-4407-9CB5-5AE41A8BE0C8}.Release|Any CPU.Build.0 = Release|Any CPU
		{157DF5D1-5CF6-4407-9CB5-5AE41A8BE0C8}.Release|ARM.ActiveCfg = Release|Any CPU
		{157DF5D1-5CF6-4407-9CB5-5AE41A8BE0C8}.Release|ARM.Build.0 = Release|Any CPU
		{157DF5D1-5CF6-4407-9CB5-5AE41A8BE0C8}.Release|iPhone.ActiveCfg = Release|Any CPU
		{157DF5D1-5CF6-4407-9CB5-5AE41A8BE0C8}.Release|iPhone.Build.0 = Release|Any CPU
		{157DF5D1-5CF6-4407-9CB5-5AE41A8BE0C8}.Release|iPhoneSimulator.ActiveCfg = Release|Any CPU
		{157DF5D1-5CF6-4407-9CB5-5AE41A8BE0C8}.Release|iPhoneSimulator.Build.0 = Release|Any CPU
		{157DF5D1-5CF6-4407-9CB5-5AE41A8BE0C8}.Release|x64.ActiveCfg = Release|Any CPU
		{157DF5D1-5CF6-4407-9CB5-5AE41A8BE0C8}.Release|x64.Build.0 = Release|Any CPU
		{157DF5D1-5CF6-4407-9CB5-5AE41A8BE0C8}.Release|x86.ActiveCfg = Release|Any CPU
		{157DF5D1-5CF6-4407-9CB5-5AE41A8BE0C8}.Release|x86.Build.0 = Release|Any CPU
	EndGlobalSection
	GlobalSection(SolutionProperties) = preSolution
		HideSolutionNode = FALSE
	EndGlobalSection
	GlobalSection(NestedProjects) = preSolution
		{95468A7C-4400-4101-9A39-166F058B5B0B} = {DD72B7D2-8B87-43AA-B013-08E493435D56}
		{E5102B85-87A1-4ABC-B720-CB97925266FB} = {DD72B7D2-8B87-43AA-B013-08E493435D56}
		{F6E4D41B-C086-47AD-9700-3B4D30D4370C} = {DD72B7D2-8B87-43AA-B013-08E493435D56}
		{4D725CC6-15E5-480E-A8D1-9A872F89BF1B} = {DD72B7D2-8B87-43AA-B013-08E493435D56}
		{157DF5D1-5CF6-4407-9CB5-5AE41A8BE0C8} = {DD72B7D2-8B87-43AA-B013-08E493435D56}
	EndGlobalSection
	GlobalSection(ExtensibilityGlobals) = postSolution
		SolutionGuid = {2C5E17B8-3B74-46A1-AAC0-614B338574C0}
	EndGlobalSection
EndGlobal
