
Microsoft Visual Studio Solution File, Format Version 12.00
# Visual Studio 15
VisualStudioVersion = 15.0.28010.2003
MinimumVisualStudioVersion = 10.0.40219.1
Project("{FAE04EC0-301F-11D3-BF4B-00C04F79EFBC}") = "SledovaniTVPlayer.Android", "SledovaniTVPlayer\SledovaniTVPlayer.Android\SledovaniTVPlayer.Android.csproj", "{F79AAAAB-198D-4168-9DB3-95FF0B9C77FF}"
EndProject
Project("{9A19103F-16F7-4668-BE54-9A1E7A4F7556}") = "SledovaniTVPlayer", "SledovaniTVPlayer\SledovaniTVPlayer\SledovaniTVPlayer.csproj", "{09F67F34-745E-4D9A-BC6E-FD4C36F406FB}"
EndProject
Project("{9A19103F-16F7-4668-BE54-9A1E7A4F7556}") = "SledovaniTVAPI", "SledovaniTVApi\SledovaniTVAPI.csproj", "{95468A7C-4400-4101-9A39-166F058B5B0B}"
EndProject
Project("{9A19103F-16F7-4668-BE54-9A1E7A4F7556}") = "LoggerService", "LoggerService\LoggerService.csproj", "{3D9DD753-5E53-4316-992C-1BED899FE0E0}"
EndProject
Project("{FAE04EC0-301F-11D3-BF4B-00C04F79EFBC}") = "TestConsole", "TestConsole\TestConsole.csproj", "{05A38594-F724-48BC-A91F-9ACBEDE56696}"
EndProject
Project("{2150E333-8FDC-42A3-9474-1A3956D46DE8}") = "Tools", "Tools", "{E7015148-7B33-4CAF-8765-E61CF590757D}"
	ProjectSection(SolutionItems) = preProject
		BuildAPK.bat = BuildAPK.bat
		BuildAPK.ps1 = BuildAPK.ps1
		Clear.bat = Clear.bat
		Clear.ps1 = Clear.ps1
		undo_pending_changes_and_get_latest_version.sh = undo_pending_changes_and_get_latest_version.sh
	EndProjectSection
EndProject
Global
	GlobalSection(SolutionConfigurationPlatforms) = preSolution
		Debug|Any CPU = Debug|Any CPU
		Release|Any CPU = Release|Any CPU
	EndGlobalSection
	GlobalSection(ProjectConfigurationPlatforms) = postSolution
		{F79AAAAB-198D-4168-9DB3-95FF0B9C77FF}.Debug|Any CPU.ActiveCfg = Debug|Any CPU
		{F79AAAAB-198D-4168-9DB3-95FF0B9C77FF}.Debug|Any CPU.Build.0 = Debug|Any CPU
		{F79AAAAB-198D-4168-9DB3-95FF0B9C77FF}.Debug|Any CPU.Deploy.0 = Debug|Any CPU
		{F79AAAAB-198D-4168-9DB3-95FF0B9C77FF}.Release|Any CPU.ActiveCfg = Release|Any CPU
		{F79AAAAB-198D-4168-9DB3-95FF0B9C77FF}.Release|Any CPU.Build.0 = Release|Any CPU
		{F79AAAAB-198D-4168-9DB3-95FF0B9C77FF}.Release|Any CPU.Deploy.0 = Release|Any CPU
		{09F67F34-745E-4D9A-BC6E-FD4C36F406FB}.Debug|Any CPU.ActiveCfg = Debug|Any CPU
		{09F67F34-745E-4D9A-BC6E-FD4C36F406FB}.Debug|Any CPU.Build.0 = Debug|Any CPU
		{09F67F34-745E-4D9A-BC6E-FD4C36F406FB}.Debug|Any CPU.Deploy.0 = Debug|Any CPU
		{09F67F34-745E-4D9A-BC6E-FD4C36F406FB}.Release|Any CPU.ActiveCfg = Release|Any CPU
		{09F67F34-745E-4D9A-BC6E-FD4C36F406FB}.Release|Any CPU.Build.0 = Release|Any CPU
		{09F67F34-745E-4D9A-BC6E-FD4C36F406FB}.Release|Any CPU.Deploy.0 = Release|Any CPU
		{95468A7C-4400-4101-9A39-166F058B5B0B}.Debug|Any CPU.ActiveCfg = Debug|Any CPU
		{95468A7C-4400-4101-9A39-166F058B5B0B}.Debug|Any CPU.Build.0 = Debug|Any CPU
		{95468A7C-4400-4101-9A39-166F058B5B0B}.Release|Any CPU.ActiveCfg = Release|Any CPU
		{95468A7C-4400-4101-9A39-166F058B5B0B}.Release|Any CPU.Build.0 = Release|Any CPU
		{3D9DD753-5E53-4316-992C-1BED899FE0E0}.Debug|Any CPU.ActiveCfg = Debug|Any CPU
		{3D9DD753-5E53-4316-992C-1BED899FE0E0}.Debug|Any CPU.Build.0 = Debug|Any CPU
		{3D9DD753-5E53-4316-992C-1BED899FE0E0}.Release|Any CPU.ActiveCfg = Release|Any CPU
		{3D9DD753-5E53-4316-992C-1BED899FE0E0}.Release|Any CPU.Build.0 = Release|Any CPU
		{05A38594-F724-48BC-A91F-9ACBEDE56696}.Debug|Any CPU.ActiveCfg = Debug|Any CPU
		{05A38594-F724-48BC-A91F-9ACBEDE56696}.Debug|Any CPU.Build.0 = Debug|Any CPU
		{05A38594-F724-48BC-A91F-9ACBEDE56696}.Release|Any CPU.ActiveCfg = Release|Any CPU
		{05A38594-F724-48BC-A91F-9ACBEDE56696}.Release|Any CPU.Build.0 = Release|Any CPU
	EndGlobalSection
	GlobalSection(SolutionProperties) = preSolution
		HideSolutionNode = FALSE
	EndGlobalSection
	GlobalSection(ExtensibilityGlobals) = postSolution
		SolutionGuid = {2C5E17B8-3B74-46A1-AAC0-614B338574C0}
	EndGlobalSection
EndGlobal
